
Microsoft Visual Studio Solution File, Format Version 12.00
# Visual Studio Version 16
VisualStudioVersion = 16.0.29001.49
MinimumVisualStudioVersion = 10.0.40219.1
Project("{FAE04EC0-301F-11D3-BF4B-00C04F79EFBC}") = "Maths", "Maths\Maths.csproj", "{95CFB3B1-AD9D-459C-96FE-2D8F54CBF5CB}"
EndProject
Global
	GlobalSection(SolutionConfigurationPlatforms) = preSolution
		Debug|Any CPU = Debug|Any CPU
		Release|Any CPU = Release|Any CPU
	EndGlobalSection
	GlobalSection(ProjectConfigurationPlatforms) = postSolution
		{95CFB3B1-AD9D-459C-96FE-2D8F54CBF5CB}.Debug|Any CPU.ActiveCfg = Debug|Any CPU
		{95CFB3B1-AD9D-459C-96FE-2D8F54CBF5CB}.Debug|Any CPU.Build.0 = Debug|Any CPU
		{95CFB3B1-AD9D-459C-96FE-2D8F54CBF5CB}.Release|Any CPU.ActiveCfg = Release|Any CPU
		{95CFB3B1-AD9D-459C-96FE-2D8F54CBF5CB}.Release|Any CPU.Build.0 = Release|Any CPU
	EndGlobalSection
	GlobalSection(SolutionProperties) = preSolution
		HideSolutionNode = FALSE
	EndGlobalSection
	GlobalSection(ExtensibilityGlobals) = postSolution
		SolutionGuid = {1771F915-09C0-441E-8F35-E1EB37B07399}
	EndGlobalSection
EndGlobal
